
Microsoft Visual Studio Solution File, Format Version 12.00
# Visual Studio Version 17
VisualStudioVersion = 17.11.35312.102
MinimumVisualStudioVersion = 10.0.40219.1
Project("{F184B08F-C81C-45F6-A57F-5ABD9991F28F}") = "ConsoleApp1", "ConsoleApp1\ConsoleApp1.vbproj", "{9E2E443B-8292-499E-9E4E-5DA6DA0068A2}"
EndProject
Global
	GlobalSection(SolutionConfigurationPlatforms) = preSolution
		Debug|Any CPU = Debug|Any CPU
		Release|Any CPU = Release|Any CPU
	EndGlobalSection
	GlobalSection(ProjectConfigurationPlatforms) = postSolution
		{9E2E443B-8292-499E-9E4E-5DA6DA0068A2}.Debug|Any CPU.ActiveCfg = Debug|Any CPU
		{9E2E443B-8292-499E-9E4E-5DA6DA0068A2}.Debug|Any CPU.Build.0 = Debug|Any CPU
		{9E2E443B-8292-499E-9E4E-5DA6DA0068A2}.Release|Any CPU.ActiveCfg = Release|Any CPU
		{9E2E443B-8292-499E-9E4E-5DA6DA0068A2}.Release|Any CPU.Build.0 = Release|Any CPU
	EndGlobalSection
	GlobalSection(SolutionProperties) = preSolution
		HideSolutionNode = FALSE
	EndGlobalSection
	GlobalSection(ExtensibilityGlobals) = postSolution
		SolutionGuid = {946440DF-2A86-4A93-93E0-CE40E38AF7BE}
	EndGlobalSection
EndGlobal
